
Microsoft Visual Studio Solution File, Format Version 12.00
# Visual Studio Version 17
VisualStudioVersion = 17.0.32014.148
MinimumVisualStudioVersion = 10.0.40219.1
Project("{2150E333-8FDC-42A3-9474-1A3956D46DE8}") = "Solution Items", "Solution Items", "{E81095C5-B82D-472D-83FA-454DC49D3CF5}"
	ProjectSection(SolutionItems) = preProject
		LICENSE = LICENSE
		README.md = README.md
	EndProjectSection
EndProject
Project("{9A19103F-16F7-4668-BE54-9A1E7A4F7556}") = "ConsoleClientCredentials.NETCore", "src\ConsoleClientCredentials.NETCore\ConsoleClientCredentials.NETCore.csproj", "{BA54AA13-2B54-430A-9F3F-23AE0FDA84D6}"
EndProject
Project("{9A19103F-16F7-4668-BE54-9A1E7A4F7556}") = "Tapkey.Api.Models", "src\Tapkey.Api.Models\Tapkey.Api.Models.csproj", "{BAE37E01-A703-43DC-A74A-6F43838A9884}"
EndProject
Project("{778DAE3C-4631-46EA-AA77-85C1314464D9}") = "ConsoleClientCredentials.VB.NetFramework", "src\ConsoleClientCredentials.VB.NetFramework\ConsoleClientCredentials.VB.NetFramework.vbproj", "{74593423-8C0A-4684-8010-A0EE942F6350}"
EndProject
Project("{9A19103F-16F7-4668-BE54-9A1E7A4F7556}") = "MVCAppAuthorizationCodePKCE.NET", "src\MVCAppAuthorizationCodePKCE.NET\MVCAppAuthorizationCodePKCE.NET.csproj", "{D7ADD121-72CE-4340-B979-7E91CEA950D6}"
EndProject
Project("{2150E333-8FDC-42A3-9474-1A3956D46DE8}") = "HowTo", "HowTo", "{AB07D167-2044-4D66-B3C2-5960402143AF}"
EndProject
Project("{9A19103F-16F7-4668-BE54-9A1E7A4F7556}") = "HowToWebApiClientCredentials", "src\HowTo\HowToWebApiClientCredentials\HowToWebApiClientCredentials.csproj", "{192B2CFB-1037-4F30-BB62-3E50637948EC}"
EndProject
Global
	GlobalSection(SolutionConfigurationPlatforms) = preSolution
		Debug|Any CPU = Debug|Any CPU
		Release|Any CPU = Release|Any CPU
	EndGlobalSection
	GlobalSection(ProjectConfigurationPlatforms) = postSolution
		{BA54AA13-2B54-430A-9F3F-23AE0FDA84D6}.Debug|Any CPU.ActiveCfg = Debug|Any CPU
		{BA54AA13-2B54-430A-9F3F-23AE0FDA84D6}.Debug|Any CPU.Build.0 = Debug|Any CPU
		{BA54AA13-2B54-430A-9F3F-23AE0FDA84D6}.Release|Any CPU.ActiveCfg = Release|Any CPU
		{BA54AA13-2B54-430A-9F3F-23AE0FDA84D6}.Release|Any CPU.Build.0 = Release|Any CPU
		{BAE37E01-A703-43DC-A74A-6F43838A9884}.Debug|Any CPU.ActiveCfg = Debug|Any CPU
		{BAE37E01-A703-43DC-A74A-6F43838A9884}.Debug|Any CPU.Build.0 = Debug|Any CPU
		{BAE37E01-A703-43DC-A74A-6F43838A9884}.Release|Any CPU.ActiveCfg = Release|Any CPU
		{BAE37E01-A703-43DC-A74A-6F43838A9884}.Release|Any CPU.Build.0 = Release|Any CPU
		{74593423-8C0A-4684-8010-A0EE942F6350}.Debug|Any CPU.ActiveCfg = Debug|Any CPU
		{74593423-8C0A-4684-8010-A0EE942F6350}.Debug|Any CPU.Build.0 = Debug|Any CPU
		{74593423-8C0A-4684-8010-A0EE942F6350}.Release|Any CPU.ActiveCfg = Release|Any CPU
		{74593423-8C0A-4684-8010-A0EE942F6350}.Release|Any CPU.Build.0 = Release|Any CPU
		{D7ADD121-72CE-4340-B979-7E91CEA950D6}.Debug|Any CPU.ActiveCfg = Debug|Any CPU
		{D7ADD121-72CE-4340-B979-7E91CEA950D6}.Debug|Any CPU.Build.0 = Debug|Any CPU
		{D7ADD121-72CE-4340-B979-7E91CEA950D6}.Release|Any CPU.ActiveCfg = Release|Any CPU
		{D7ADD121-72CE-4340-B979-7E91CEA950D6}.Release|Any CPU.Build.0 = Release|Any CPU
		{192B2CFB-1037-4F30-BB62-3E50637948EC}.Debug|Any CPU.ActiveCfg = Debug|Any CPU
		{192B2CFB-1037-4F30-BB62-3E50637948EC}.Debug|Any CPU.Build.0 = Debug|Any CPU
		{192B2CFB-1037-4F30-BB62-3E50637948EC}.Release|Any CPU.ActiveCfg = Release|Any CPU
		{192B2CFB-1037-4F30-BB62-3E50637948EC}.Release|Any CPU.Build.0 = Release|Any CPU
	EndGlobalSection
	GlobalSection(SolutionProperties) = preSolution
		HideSolutionNode = FALSE
	EndGlobalSection
	GlobalSection(NestedProjects) = preSolution
		{192B2CFB-1037-4F30-BB62-3E50637948EC} = {AB07D167-2044-4D66-B3C2-5960402143AF}
	EndGlobalSection
	GlobalSection(ExtensibilityGlobals) = postSolution
		SolutionGuid = {1EF5EB89-EC04-48DB-9892-165DA5B8B2E6}
	EndGlobalSection
EndGlobal
